
Microsoft Visual Studio Solution File, Format Version 12.00
# Visual Studio Version 16
VisualStudioVersion = 16.0.30907.101
MinimumVisualStudioVersion = 10.0.40219.1
Project("{FAE04EC0-301F-11D3-BF4B-00C04F79EFBC}") = "AAIB.Challenge.Web", "AAIB.Challenge.Web\AAIB.Challenge.Web.csproj", "{050B137A-2A54-4821-B7A6-EE3F7CFCEB56}"
EndProject
Global
	GlobalSection(SolutionConfigurationPlatforms) = preSolution
		Debug|Any CPU = Debug|Any CPU
		Release|Any CPU = Release|Any CPU
	EndGlobalSection
	GlobalSection(ProjectConfigurationPlatforms) = postSolution
		{050B137A-2A54-4821-B7A6-EE3F7CFCEB56}.Debug|Any CPU.ActiveCfg = Debug|Any CPU
		{050B137A-2A54-4821-B7A6-EE3F7CFCEB56}.Debug|Any CPU.Build.0 = Debug|Any CPU
		{050B137A-2A54-4821-B7A6-EE3F7CFCEB56}.Release|Any CPU.ActiveCfg = Release|Any CPU
		{050B137A-2A54-4821-B7A6-EE3F7CFCEB56}.Release|Any CPU.Build.0 = Release|Any CPU
	EndGlobalSection
	GlobalSection(SolutionProperties) = preSolution
		HideSolutionNode = FALSE
	EndGlobalSection
	GlobalSection(ExtensibilityGlobals) = postSolution
		SolutionGuid = {68A24DD1-F406-4940-A747-49CCB0BD6508}
	EndGlobalSection
EndGlobal
